
Microsoft Visual Studio Solution File, Format Version 12.00
# Visual Studio Version 16
VisualStudioVersion = 16.0.29613.14
MinimumVisualStudioVersion = 10.0.40219.1
Project("{FAE04EC0-301F-11D3-BF4B-00C04F79EFBC}") = "My Blog", "My Blog\My Blog.csproj", "{3043AA2E-66D5-44D5-9F31-E7C477626F59}"
EndProject
Project("{9A19103F-16F7-4668-BE54-9A1E7A4F7556}") = "BlogBusinessLogic", "BlogBusinessLogic\BlogBusinessLogic.csproj", "{B064FF94-1103-45AC-9C5C-35B9E75EBF79}"
EndProject
Project("{9A19103F-16F7-4668-BE54-9A1E7A4F7556}") = "BlogModel", "BlogModel\BlogModel.csproj", "{7F2D86A5-49D2-43F8-9791-66DD9EDCD2BB}"
EndProject
Project("{9A19103F-16F7-4668-BE54-9A1E7A4F7556}") = "BlogRepository", "BlogRepository\BlogRepository.csproj", "{979FE479-DE38-4472-8B6C-37D207457666}"
EndProject
Project("{FAE04EC0-301F-11D3-BF4B-00C04F79EFBC}") = "BlogRepository.MySQL", "BlogRepository.MySQL\BlogRepository.MySQL.csproj", "{45CED9A8-C541-4D4C-9A19-59503CC00F4B}"
EndProject
Global
	GlobalSection(SolutionConfigurationPlatforms) = preSolution
		Debug|Any CPU = Debug|Any CPU
		Release|Any CPU = Release|Any CPU
	EndGlobalSection
	GlobalSection(ProjectConfigurationPlatforms) = postSolution
		{3043AA2E-66D5-44D5-9F31-E7C477626F59}.Debug|Any CPU.ActiveCfg = Debug|Any CPU
		{3043AA2E-66D5-44D5-9F31-E7C477626F59}.Debug|Any CPU.Build.0 = Debug|Any CPU
		{3043AA2E-66D5-44D5-9F31-E7C477626F59}.Release|Any CPU.ActiveCfg = Release|Any CPU
		{3043AA2E-66D5-44D5-9F31-E7C477626F59}.Release|Any CPU.Build.0 = Release|Any CPU
		{B064FF94-1103-45AC-9C5C-35B9E75EBF79}.Debug|Any CPU.ActiveCfg = Debug|Any CPU
		{B064FF94-1103-45AC-9C5C-35B9E75EBF79}.Debug|Any CPU.Build.0 = Debug|Any CPU
		{B064FF94-1103-45AC-9C5C-35B9E75EBF79}.Release|Any CPU.ActiveCfg = Release|Any CPU
		{B064FF94-1103-45AC-9C5C-35B9E75EBF79}.Release|Any CPU.Build.0 = Release|Any CPU
		{7F2D86A5-49D2-43F8-9791-66DD9EDCD2BB}.Debug|Any CPU.ActiveCfg = Debug|Any CPU
		{7F2D86A5-49D2-43F8-9791-66DD9EDCD2BB}.Debug|Any CPU.Build.0 = Debug|Any CPU
		{7F2D86A5-49D2-43F8-9791-66DD9EDCD2BB}.Release|Any CPU.ActiveCfg = Release|Any CPU
		{7F2D86A5-49D2-43F8-9791-66DD9EDCD2BB}.Release|Any CPU.Build.0 = Release|Any CPU
		{979FE479-DE38-4472-8B6C-37D207457666}.Debug|Any CPU.ActiveCfg = Debug|Any CPU
		{979FE479-DE38-4472-8B6C-37D207457666}.Debug|Any CPU.Build.0 = Debug|Any CPU
		{979FE479-DE38-4472-8B6C-37D207457666}.Release|Any CPU.ActiveCfg = Release|Any CPU
		{979FE479-DE38-4472-8B6C-37D207457666}.Release|Any CPU.Build.0 = Release|Any CPU
		{45CED9A8-C541-4D4C-9A19-59503CC00F4B}.Debug|Any CPU.ActiveCfg = Debug|Any CPU
		{45CED9A8-C541-4D4C-9A19-59503CC00F4B}.Debug|Any CPU.Build.0 = Debug|Any CPU
		{45CED9A8-C541-4D4C-9A19-59503CC00F4B}.Release|Any CPU.ActiveCfg = Release|Any CPU
		{45CED9A8-C541-4D4C-9A19-59503CC00F4B}.Release|Any CPU.Build.0 = Release|Any CPU
	EndGlobalSection
	GlobalSection(SolutionProperties) = preSolution
		HideSolutionNode = FALSE
	EndGlobalSection
	GlobalSection(ExtensibilityGlobals) = postSolution
		SolutionGuid = {C5EBFD2F-3DE9-475F-A497-9046762E8535}
	EndGlobalSection
EndGlobal
